PODS:
  - StatefulTableView (0.2.0)

DEPENDENCIES:
  - StatefulTableView (from `../`)

EXTERNAL SOURCES:
  StatefulTableView:
    :path: "../"

SPEC CHECKSUMS:
  StatefulTableView: cc874bfeb85db4c2d7ccdcd6d507eb17186b2aa2

PODFILE CHECKSUM: e6944d74483536f64ec788f95fbe36a46c8b7346

COCOAPODS: 1.8.4
